
Microsoft Visual Studio Solution File, Format Version 12.00
# Visual Studio Version 17
VisualStudioVersion = 17.0.31903.59
MinimumVisualStudioVersion = 10.0.40219.1
Project("{2150E333-8FDC-42A3-9474-1A3956D46DE8}") = "src", "src", "{476FF3CF-C989-4453-AD94-87E8B314C7DD}"
EndProject
Project("{FAE04EC0-301F-11D3-BF4B-00C04F79EFBC}") = "CampaignManager.Domain", "src\CampaignManager.Domain\CampaignManager.Domain.csproj", "{B1EA53EC-9D48-4532-A089-5A97E24E6A19}"
EndProject
Project("{FAE04EC0-301F-11D3-BF4B-00C04F79EFBC}") = "CampaignManager.Contracts", "src\CampaignManager.Contracts\CampaignManager.Contracts.csproj", "{09F4814F-6D54-4066-9546-86D64FB0BD84}"
EndProject
Project("{FAE04EC0-301F-11D3-BF4B-00C04F79EFBC}") = "CampaignManager.Application", "src\CampaignManager.Application\CampaignManager.Application.csproj", "{DEB5B800-0B25-4B0E-9A85-6E58586988C3}"
EndProject
Project("{FAE04EC0-301F-11D3-BF4B-00C04F79EFBC}") = "CampaignManager.Infrastructure", "src\CampaignManager.Infrastructure\CampaignManager.Infrastructure.csproj", "{5A3B2C41-8E05-4540-B320-01434E7308D6}"
EndProject
Project("{FAE04EC0-301F-11D3-BF4B-00C04F79EFBC}") = "CampaignManager.Api", "src\CampaignManager.Api\CampaignManager.Api.csproj", "{BB9D313A-E888-4EF1-B383-40E4E569843C}"
EndProject
Project("{FAE04EC0-301F-11D3-BF4B-00C04F79EFBC}") = "CampaignManager.Workers", "src\CampaignManager.Workers\CampaignManager.Workers.csproj", "{8BDDCE3E-C61A-473E-9688-2DC3E1AA49B4}"
EndProject
Project("{FAE04EC0-301F-11D3-BF4B-00C04F79EFBC}") = "CampaignManager.AdminUI", "src\CampaignManager.AdminUI\CampaignManager.AdminUI.csproj", "{D9C9F544-318B-426F-A7BD-2E5226C2281D}"
EndProject
Project("{2150E333-8FDC-42A3-9474-1A3956D46DE8}") = "tests", "tests", "{D8664E47-8707-41DA-B640-563B90297BD2}"
EndProject
Project("{FAE04EC0-301F-11D3-BF4B-00C04F79EFBC}") = "CampaignManager.UnitTests", "tests\CampaignManager.UnitTests\CampaignManager.UnitTests.csproj", "{E1CF4CFC-E7A3-44B3-9AC4-88A511DD2B50}"
EndProject
Project("{FAE04EC0-301F-11D3-BF4B-00C04F79EFBC}") = "CampaignManager.IntegrationTests", "tests\CampaignManager.IntegrationTests\CampaignManager.IntegrationTests.csproj", "{186205C1-A2D3-4A08-BD10-0233334EFF8D}"
EndProject
Project("{FAE04EC0-301F-11D3-BF4B-00C04F79EFBC}") = "CampaignManager.Sdk", "src\CampaignManager.Sdk\CampaignManager.Sdk.csproj", "{C7A38026-B0C6-46D6-A086-EAC45BE0E075}"
EndProject
Project("{FAE04EC0-301F-11D3-BF4B-00C04F79EFBC}") = "CampaignManager.Sdk.Tests", "tests\CampaignManager.Sdk.Tests\CampaignManager.Sdk.Tests.csproj", "{D7596A8D-2CE1-4389-B749-569E3BCE5016}"
EndProject
Project("{FAE04EC0-301F-11D3-BF4B-00C04F79EFBC}") = "CampaignManager.ServiceDefaults", "src\CampaignManager.ServiceDefaults\CampaignManager.ServiceDefaults.csproj", "{B2CB6B86-6ABD-4418-B6DB-E5D3374263F7}"
EndProject
Project("{FAE04EC0-301F-11D3-BF4B-00C04F79EFBC}") = "CampaignManager.AppHost", "src\CampaignManager.AppHost\CampaignManager.AppHost.csproj", "{8AB493DA-88D0-4C51-9EA1-B9F9CC6A8B81}"
EndProject
Global
	GlobalSection(SolutionConfigurationPlatforms) = preSolution
		Debug|Any CPU = Debug|Any CPU
		Debug|x64 = Debug|x64
		Debug|x86 = Debug|x86
		Release|Any CPU = Release|Any CPU
		Release|x64 = Release|x64
		Release|x86 = Release|x86
	EndGlobalSection
	GlobalSection(ProjectConfigurationPlatforms) = postSolution
		{B1EA53EC-9D48-4532-A089-5A97E24E6A19}.Debug|Any CPU.ActiveCfg = Debug|Any CPU
		{B1EA53EC-9D48-4532-A089-5A97E24E6A19}.Debug|Any CPU.Build.0 = Debug|Any CPU
		{B1EA53EC-9D48-4532-A089-5A97E24E6A19}.Debug|x64.ActiveCfg = Debug|Any CPU
		{B1EA53EC-9D48-4532-A089-5A97E24E6A19}.Debug|x64.Build.0 = Debug|Any CPU
		{B1EA53EC-9D48-4532-A089-5A97E24E6A19}.Debug|x86.ActiveCfg = Debug|Any CPU
		{B1EA53EC-9D48-4532-A089-5A97E24E6A19}.Debug|x86.Build.0 = Debug|Any CPU
		{B1EA53EC-9D48-4532-A089-5A97E24E6A19}.Release|Any CPU.ActiveCfg = Release|Any CPU
		{B1EA53EC-9D48-4532-A089-5A97E24E6A19}.Release|Any CPU.Build.0 = Release|Any CPU
		{B1EA53EC-9D48-4532-A089-5A97E24E6A19}.Release|x64.ActiveCfg = Release|Any CPU
		{B1EA53EC-9D48-4532-A089-5A97E24E6A19}.Release|x64.Build.0 = Release|Any CPU
		{B1EA53EC-9D48-4532-A089-5A97E24E6A19}.Release|x86.ActiveCfg = Release|Any CPU
		{B1EA53EC-9D48-4532-A089-5A97E24E6A19}.Release|x86.Build.0 = Release|Any CPU
		{09F4814F-6D54-4066-9546-86D64FB0BD84}.Debug|Any CPU.ActiveCfg = Debug|Any CPU
		{09F4814F-6D54-4066-9546-86D64FB0BD84}.Debug|Any CPU.Build.0 = Debug|Any CPU
		{09F4814F-6D54-4066-9546-86D64FB0BD84}.Debug|x64.ActiveCfg = Debug|Any CPU
		{09F4814F-6D54-4066-9546-86D64FB0BD84}.Debug|x64.Build.0 = Debug|Any CPU
		{09F4814F-6D54-4066-9546-86D64FB0BD84}.Debug|x86.ActiveCfg = Debug|Any CPU
		{09F4814F-6D54-4066-9546-86D64FB0BD84}.Debug|x86.Build.0 = Debug|Any CPU
		{09F4814F-6D54-4066-9546-86D64FB0BD84}.Release|Any CPU.ActiveCfg = Release|Any CPU
		{09F4814F-6D54-4066-9546-86D64FB0BD84}.Release|Any CPU.Build.0 = Release|Any CPU
		{09F4814F-6D54-4066-9546-86D64FB0BD84}.Release|x64.ActiveCfg = Release|Any CPU
		{09F4814F-6D54-4066-9546-86D64FB0BD84}.Release|x64.Build.0 = Release|Any CPU
		{09F4814F-6D54-4066-9546-86D64FB0BD84}.Release|x86.ActiveCfg = Release|Any CPU
		{09F4814F-6D54-4066-9546-86D64FB0BD84}.Release|x86.Build.0 = Release|Any CPU
		{DEB5B800-0B25-4B0E-9A85-6E58586988C3}.Debug|Any CPU.ActiveCfg = Debug|Any CPU
		{DEB5B800-0B25-4B0E-9A85-6E58586988C3}.Debug|Any CPU.Build.0 = Debug|Any CPU
		{DEB5B800-0B25-4B0E-9A85-6E58586988C3}.Debug|x64.ActiveCfg = Debug|Any CPU
		{DEB5B800-0B25-4B0E-9A85-6E58586988C3}.Debug|x64.Build.0 = Debug|Any CPU
		{DEB5B800-0B25-4B0E-9A85-6E58586988C3}.Debug|x86.ActiveCfg = Debug|Any CPU
		{DEB5B800-0B25-4B0E-9A85-6E58586988C3}.Debug|x86.Build.0 = Debug|Any CPU
		{DEB5B800-0B25-4B0E-9A85-6E58586988C3}.Release|Any CPU.ActiveCfg = Release|Any CPU
		{DEB5B800-0B25-4B0E-9A85-6E58586988C3}.Release|Any CPU.Build.0 = Release|Any CPU
		{DEB5B800-0B25-4B0E-9A85-6E58586988C3}.Release|x64.ActiveCfg = Release|Any CPU
		{DEB5B800-0B25-4B0E-9A85-6E58586988C3}.Release|x64.Build.0 = Release|Any CPU
		{DEB5B800-0B25-4B0E-9A85-6E58586988C3}.Release|x86.ActiveCfg = Release|Any CPU
		{DEB5B800-0B25-4B0E-9A85-6E58586988C3}.Release|x86.Build.0 = Release|Any CPU
		{5A3B2C41-8E05-4540-B320-01434E7308D6}.Debug|Any CPU.ActiveCfg = Debug|Any CPU
		{5A3B2C41-8E05-4540-B320-01434E7308D6}.Debug|Any CPU.Build.0 = Debug|Any CPU
		{5A3B2C41-8E05-4540-B320-01434E7308D6}.Debug|x64.ActiveCfg = Debug|Any CPU
		{5A3B2C41-8E05-4540-B320-01434E7308D6}.Debug|x64.Build.0 = Debug|Any CPU
		{5A3B2C41-8E05-4540-B320-01434E7308D6}.Debug|x86.ActiveCfg = Debug|Any CPU
		{5A3B2C41-8E05-4540-B320-01434E7308D6}.Debug|x86.Build.0 = Debug|Any CPU
		{5A3B2C41-8E05-4540-B320-01434E7308D6}.Release|Any CPU.ActiveCfg = Release|Any CPU
		{5A3B2C41-8E05-4540-B320-01434E7308D6}.Release|Any CPU.Build.0 = Release|Any CPU
		{5A3B2C41-8E05-4540-B320-01434E7308D6}.Release|x64.ActiveCfg = Release|Any CPU
		{5A3B2C41-8E05-4540-B320-01434E7308D6}.Release|x64.Build.0 = Release|Any CPU
		{5A3B2C41-8E05-4540-B320-01434E7308D6}.Release|x86.ActiveCfg = Release|Any CPU
		{5A3B2C41-8E05-4540-B320-01434E7308D6}.Release|x86.Build.0 = Release|Any CPU
		{BB9D313A-E888-4EF1-B383-40E4E569843C}.Debug|Any CPU.ActiveCfg = Debug|Any CPU
		{BB9D313A-E888-4EF1-B383-40E4E569843C}.Debug|Any CPU.Build.0 = Debug|Any CPU
		{BB9D313A-E888-4EF1-B383-40E4E569843C}.Debug|x64.ActiveCfg = Debug|Any CPU
		{BB9D313A-E888-4EF1-B383-40E4E569843C}.Debug|x64.Build.0 = Debug|Any CPU
		{BB9D313A-E888-4EF1-B383-40E4E569843C}.Debug|x86.ActiveCfg = Debug|Any CPU
		{BB9D313A-E888-4EF1-B383-40E4E569843C}.Debug|x86.Build.0 = Debug|Any CPU
		{BB9D313A-E888-4EF1-B383-40E4E569843C}.Release|Any CPU.ActiveCfg = Release|Any CPU
		{BB9D313A-E888-4EF1-B383-40E4E569843C}.Release|Any CPU.Build.0 = Release|Any CPU
		{BB9D313A-E888-4EF1-B383-40E4E569843C}.Release|x64.ActiveCfg = Release|Any CPU
		{BB9D313A-E888-4EF1-B383-40E4E569843C}.Release|x64.Build.0 = Release|Any CPU
		{BB9D313A-E888-4EF1-B383-40E4E569843C}.Release|x86.ActiveCfg = Release|Any CPU
		{BB9D313A-E888-4EF1-B383-40E4E569843C}.Release|x86.Build.0 = Release|Any CPU
		{8BDDCE3E-C61A-473E-9688-2DC3E1AA49B4}.Debug|Any CPU.ActiveCfg = Debug|Any CPU
		{8BDDCE3E-C61A-473E-9688-2DC3E1AA49B4}.Debug|Any CPU.Build.0 = Debug|Any CPU
		{8BDDCE3E-C61A-473E-9688-2DC3E1AA49B4}.Debug|x64.ActiveCfg = Debug|Any CPU
		{8BDDCE3E-C61A-473E-9688-2DC3E1AA49B4}.Debug|x64.Build.0 = Debug|Any CPU
		{8BDDCE3E-C61A-473E-9688-2DC3E1AA49B4}.Debug|x86.ActiveCfg = Debug|Any CPU
		{8BDDCE3E-C61A-473E-9688-2DC3E1AA49B4}.Debug|x86.Build.0 = Debug|Any CPU
		{8BDDCE3E-C61A-473E-9688-2DC3E1AA49B4}.Release|Any CPU.ActiveCfg = Release|Any CPU
		{8BDDCE3E-C61A-473E-9688-2DC3E1AA49B4}.Release|Any CPU.Build.0 = Release|Any CPU
		{8BDDCE3E-C61A-473E-9688-2DC3E1AA49B4}.Release|x64.ActiveCfg = Release|Any CPU
		{8BDDCE3E-C61A-473E-9688-2DC3E1AA49B4}.Release|x64.Build.0 = Release|Any CPU
		{8BDDCE3E-C61A-473E-9688-2DC3E1AA49B4}.Release|x86.ActiveCfg = Release|Any CPU
		{8BDDCE3E-C61A-473E-9688-2DC3E1AA49B4}.Release|x86.Build.0 = Release|Any CPU
		{D9C9F544-318B-426F-A7BD-2E5226C2281D}.Debug|Any CPU.ActiveCfg = Debug|Any CPU
		{D9C9F544-318B-426F-A7BD-2E5226C2281D}.Debug|Any CPU.Build.0 = Debug|Any CPU
		{D9C9F544-318B-426F-A7BD-2E5226C2281D}.Debug|x64.ActiveCfg = Debug|Any CPU
		{D9C9F544-318B-426F-A7BD-2E5226C2281D}.Debug|x64.Build.0 = Debug|Any CPU
		{D9C9F544-318B-426F-A7BD-2E5226C2281D}.Debug|x86.ActiveCfg = Debug|Any CPU
		{D9C9F544-318B-426F-A7BD-2E5226C2281D}.Debug|x86.Build.0 = Debug|Any CPU
		{D9C9F544-318B-426F-A7BD-2E5226C2281D}.Release|Any CPU.ActiveCfg = Release|Any CPU
		{D9C9F544-318B-426F-A7BD-2E5226C2281D}.Release|Any CPU.Build.0 = Release|Any CPU
		{D9C9F544-318B-426F-A7BD-2E5226C2281D}.Release|x64.ActiveCfg = Release|Any CPU
		{D9C9F544-318B-426F-A7BD-2E5226C2281D}.Release|x64.Build.0 = Release|Any CPU
		{D9C9F544-318B-426F-A7BD-2E5226C2281D}.Release|x86.ActiveCfg = Release|Any CPU
		{D9C9F544-318B-426F-A7BD-2E5226C2281D}.Release|x86.Build.0 = Release|Any CPU
		{E1CF4CFC-E7A3-44B3-9AC4-88A511DD2B50}.Debug|Any CPU.ActiveCfg = Debug|Any CPU
		{E1CF4CFC-E7A3-44B3-9AC4-88A511DD2B50}.Debug|Any CPU.Build.0 = Debug|Any CPU
		{E1CF4CFC-E7A3-44B3-9AC4-88A511DD2B50}.Debug|x64.ActiveCfg = Debug|Any CPU
		{E1CF4CFC-E7A3-44B3-9AC4-88A511DD2B50}.Debug|x64.Build.0 = Debug|Any CPU
		{E1CF4CFC-E7A3-44B3-9AC4-88A511DD2B50}.Debug|x86.ActiveCfg = Debug|Any CPU
		{E1CF4CFC-E7A3-44B3-9AC4-88A511DD2B50}.Debug|x86.Build.0 = Debug|Any CPU
		{E1CF4CFC-E7A3-44B3-9AC4-88A511DD2B50}.Release|Any CPU.ActiveCfg = Release|Any CPU
		{E1CF4CFC-E7A3-44B3-9AC4-88A511DD2B50}.Release|Any CPU.Build.0 = Release|Any CPU
		{E1CF4CFC-E7A3-44B3-9AC4-88A511DD2B50}.Release|x64.ActiveCfg = Release|Any CPU
		{E1CF4CFC-E7A3-44B3-9AC4-88A511DD2B50}.Release|x64.Build.0 = Release|Any CPU
		{E1CF4CFC-E7A3-44B3-9AC4-88A511DD2B50}.Release|x86.ActiveCfg = Release|Any CPU
		{E1CF4CFC-E7A3-44B3-9AC4-88A511DD2B50}.Release|x86.Build.0 = Release|Any CPU
		{186205C1-A2D3-4A08-BD10-0233334EFF8D}.Debug|Any CPU.ActiveCfg = Debug|Any CPU
		{186205C1-A2D3-4A08-BD10-0233334EFF8D}.Debug|Any CPU.Build.0 = Debug|Any CPU
		{186205C1-A2D3-4A08-BD10-0233334EFF8D}.Debug|x64.ActiveCfg = Debug|Any CPU
		{186205C1-A2D3-4A08-BD10-0233334EFF8D}.Debug|x64.Build.0 = Debug|Any CPU
		{186205C1-A2D3-4A08-BD10-0233334EFF8D}.Debug|x86.ActiveCfg = Debug|Any CPU
		{186205C1-A2D3-4A08-BD10-0233334EFF8D}.Debug|x86.Build.0 = Debug|Any CPU
		{186205C1-A2D3-4A08-BD10-0233334EFF8D}.Release|Any CPU.ActiveCfg = Release|Any CPU
		{186205C1-A2D3-4A08-BD10-0233334EFF8D}.Release|Any CPU.Build.0 = Release|Any CPU
		{186205C1-A2D3-4A08-BD10-0233334EFF8D}.Release|x64.ActiveCfg = Release|Any CPU
		{186205C1-A2D3-4A08-BD10-0233334EFF8D}.Release|x64.Build.0 = Release|Any CPU
		{186205C1-A2D3-4A08-BD10-0233334EFF8D}.Release|x86.ActiveCfg = Release|Any CPU
		{186205C1-A2D3-4A08-BD10-0233334EFF8D}.Release|x86.Build.0 = Release|Any CPU
		{C7A38026-B0C6-46D6-A086-EAC45BE0E075}.Debug|Any CPU.ActiveCfg = Debug|Any CPU
		{C7A38026-B0C6-46D6-A086-EAC45BE0E075}.Debug|Any CPU.Build.0 = Debug|Any CPU
		{C7A38026-B0C6-46D6-A086-EAC45BE0E075}.Debug|x64.ActiveCfg = Debug|Any CPU
		{C7A38026-B0C6-46D6-A086-EAC45BE0E075}.Debug|x64.Build.0 = Debug|Any CPU
		{C7A38026-B0C6-46D6-A086-EAC45BE0E075}.Debug|x86.ActiveCfg = Debug|Any CPU
		{C7A38026-B0C6-46D6-A086-EAC45BE0E075}.Debug|x86.Build.0 = Debug|Any CPU
		{C7A38026-B0C6-46D6-A086-EAC45BE0E075}.Release|Any CPU.ActiveCfg = Release|Any CPU
		{C7A38026-B0C6-46D6-A086-EAC45BE0E075}.Release|Any CPU.Build.0 = Release|Any CPU
		{C7A38026-B0C6-46D6-A086-EAC45BE0E075}.Release|x64.ActiveCfg = Release|Any CPU
		{C7A38026-B0C6-46D6-A086-EAC45BE0E075}.Release|x64.Build.0 = Release|Any CPU
		{C7A38026-B0C6-46D6-A086-EAC45BE0E075}.Release|x86.ActiveCfg = Release|Any CPU
		{C7A38026-B0C6-46D6-A086-EAC45BE0E075}.Release|x86.Build.0 = Release|Any CPU
		{D7596A8D-2CE1-4389-B749-569E3BCE5016}.Debug|Any CPU.ActiveCfg = Debug|Any CPU
		{D7596A8D-2CE1-4389-B749-569E3BCE5016}.Debug|Any CPU.Build.0 = Debug|Any CPU
		{D7596A8D-2CE1-4389-B749-569E3BCE5016}.Debug|x64.ActiveCfg = Debug|Any CPU
		{D7596A8D-2CE1-4389-B749-569E3BCE5016}.Debug|x64.Build.0 = Debug|Any CPU
		{D7596A8D-2CE1-4389-B749-569E3BCE5016}.Debug|x86.ActiveCfg = Debug|Any CPU
		{D7596A8D-2CE1-4389-B749-569E3BCE5016}.Debug|x86.Build.0 = Debug|Any CPU
		{D7596A8D-2CE1-4389-B749-569E3BCE5016}.Release|Any CPU.ActiveCfg = Release|Any CPU
		{D7596A8D-2CE1-4389-B749-569E3BCE5016}.Release|Any CPU.Build.0 = Release|Any CPU
		{D7596A8D-2CE1-4389-B749-569E3BCE5016}.Release|x64.ActiveCfg = Release|Any CPU
		{D7596A8D-2CE1-4389-B749-569E3BCE5016}.Release|x64.Build.0 = Release|Any CPU
		{D7596A8D-2CE1-4389-B749-569E3BCE5016}.Release|x86.ActiveCfg = Release|Any CPU
		{D7596A8D-2CE1-4389-B749-569E3BCE5016}.Release|x86.Build.0 = Release|Any CPU
		{B2CB6B86-6ABD-4418-B6DB-E5D3374263F7}.Debug|Any CPU.ActiveCfg = Debug|Any CPU
		{B2CB6B86-6ABD-4418-B6DB-E5D3374263F7}.Debug|Any CPU.Build.0 = Debug|Any CPU
		{B2CB6B86-6ABD-4418-B6DB-E5D3374263F7}.Debug|x64.ActiveCfg = Debug|Any CPU
		{B2CB6B86-6ABD-4418-B6DB-E5D3374263F7}.Debug|x64.Build.0 = Debug|Any CPU
		{B2CB6B86-6ABD-4418-B6DB-E5D3374263F7}.Debug|x86.ActiveCfg = Debug|Any CPU
		{B2CB6B86-6ABD-4418-B6DB-E5D3374263F7}.Debug|x86.Build.0 = Debug|Any CPU
		{B2CB6B86-6ABD-4418-B6DB-E5D3374263F7}.Release|Any CPU.ActiveCfg = Release|Any CPU
		{B2CB6B86-6ABD-4418-B6DB-E5D3374263F7}.Release|Any CPU.Build.0 = Release|Any CPU
		{B2CB6B86-6ABD-4418-B6DB-E5D3374263F7}.Release|x64.ActiveCfg = Release|Any CPU
		{B2CB6B86-6ABD-4418-B6DB-E5D3374263F7}.Release|x64.Build.0 = Release|Any CPU
		{B2CB6B86-6ABD-4418-B6DB-E5D3374263F7}.Release|x86.ActiveCfg = Release|Any CPU
		{B2CB6B86-6ABD-4418-B6DB-E5D3374263F7}.Release|x86.Build.0 = Release|Any CPU
		{8AB493DA-88D0-4C51-9EA1-B9F9CC6A8B81}.Debug|Any CPU.ActiveCfg = Debug|Any CPU
		{8AB493DA-88D0-4C51-9EA1-B9F9CC6A8B81}.Debug|Any CPU.Build.0 = Debug|Any CPU
		{8AB493DA-88D0-4C51-9EA1-B9F9CC6A8B81}.Debug|x64.ActiveCfg = Debug|Any CPU
		{8AB493DA-88D0-4C51-9EA1-B9F9CC6A8B81}.Debug|x64.Build.0 = Debug|Any CPU
		{8AB493DA-88D0-4C51-9EA1-B9F9CC6A8B81}.Debug|x86.ActiveCfg = Debug|Any CPU
		{8AB493DA-88D0-4C51-9EA1-B9F9CC6A8B81}.Debug|x86.Build.0 = Debug|Any CPU
		{8AB493DA-88D0-4C51-9EA1-B9F9CC6A8B81}.Release|Any CPU.ActiveCfg = Release|Any CPU
		{8AB493DA-88D0-4C51-9EA1-B9F9CC6A8B81}.Release|Any CPU.Build.0 = Release|Any CPU
		{8AB493DA-88D0-4C51-9EA1-B9F9CC6A8B81}.Release|x64.ActiveCfg = Release|Any CPU
		{8AB493DA-88D0-4C51-9EA1-B9F9CC6A8B81}.Release|x64.Build.0 = Release|Any CPU
		{8AB493DA-88D0-4C51-9EA1-B9F9CC6A8B81}.Release|x86.ActiveCfg = Release|Any CPU
		{8AB493DA-88D0-4C51-9EA1-B9F9CC6A8B81}.Release|x86.Build.0 = Release|Any CPU
	EndGlobalSection
	GlobalSection(SolutionProperties) = preSolution
		HideSolutionNode = FALSE
	EndGlobalSection
	GlobalSection(NestedProjects) = preSolution
		{B1EA53EC-9D48-4532-A089-5A97E24E6A19} = {476FF3CF-C989-4453-AD94-87E8B314C7DD}
		{09F4814F-6D54-4066-9546-86D64FB0BD84} = {476FF3CF-C989-4453-AD94-87E8B314C7DD}
		{DEB5B800-0B25-4B0E-9A85-6E58586988C3} = {476FF3CF-C989-4453-AD94-87E8B314C7DD}
		{5A3B2C41-8E05-4540-B320-01434E7308D6} = {476FF3CF-C989-4453-AD94-87E8B314C7DD}
		{BB9D313A-E888-4EF1-B383-40E4E569843C} = {476FF3CF-C989-4453-AD94-87E8B314C7DD}
		{8BDDCE3E-C61A-473E-9688-2DC3E1AA49B4} = {476FF3CF-C989-4453-AD94-87E8B314C7DD}
		{D9C9F544-318B-426F-A7BD-2E5226C2281D} = {476FF3CF-C989-4453-AD94-87E8B314C7DD}
		{E1CF4CFC-E7A3-44B3-9AC4-88A511DD2B50} = {D8664E47-8707-41DA-B640-563B90297BD2}
		{186205C1-A2D3-4A08-BD10-0233334EFF8D} = {D8664E47-8707-41DA-B640-563B90297BD2}
		{C7A38026-B0C6-46D6-A086-EAC45BE0E075} = {476FF3CF-C989-4453-AD94-87E8B314C7DD}
		{D7596A8D-2CE1-4389-B749-569E3BCE5016} = {D8664E47-8707-41DA-B640-563B90297BD2}
		{B2CB6B86-6ABD-4418-B6DB-E5D3374263F7} = {476FF3CF-C989-4453-AD94-87E8B314C7DD}
		{8AB493DA-88D0-4C51-9EA1-B9F9CC6A8B81} = {476FF3CF-C989-4453-AD94-87E8B314C7DD}
	EndGlobalSection
EndGlobal
